
Microsoft Visual Studio Solution File, Format Version 12.00
# Visual Studio Version 16
VisualStudioVersion = 16.0.29215.179
MinimumVisualStudioVersion = 10.0.40219.1
Project("{9A19103F-16F7-4668-BE54-9A1E7A4F7556}") = "Gateway", "Gateway\Gateway.csproj", "{2229D9A8-C2E9-4A6B-BAC5-8C47F0A9FF6A}"
EndProject
Project("{9A19103F-16F7-4668-BE54-9A1E7A4F7556}") = "AuthService", "AuthService\AuthService.csproj", "{4B2A4767-425B-4C45-BA35-93C22250FD31}"
EndProject
Project("{9A19103F-16F7-4668-BE54-9A1E7A4F7556}") = "ProductService", "ProductService\ProductService.csproj", "{00FA072C-DE41-4F68-813F-6FA381B0521C}"
EndProject
Project("{9A19103F-16F7-4668-BE54-9A1E7A4F7556}") = "CustomerService", "CustomerService\CustomerService.csproj", "{FEB75772-D3A0-4170-BE6C-9CCE88E2BFFB}"
EndProject
Global
	GlobalSection(SolutionConfigurationPlatforms) = preSolution
		Debug|Any CPU = Debug|Any CPU
		Release|Any CPU = Release|Any CPU
	EndGlobalSection
	GlobalSection(ProjectConfigurationPlatforms) = postSolution
		{2229D9A8-C2E9-4A6B-BAC5-8C47F0A9FF6A}.Debug|Any CPU.ActiveCfg = Debug|Any CPU
		{2229D9A8-C2E9-4A6B-BAC5-8C47F0A9FF6A}.Debug|Any CPU.Build.0 = Debug|Any CPU
		{2229D9A8-C2E9-4A6B-BAC5-8C47F0A9FF6A}.Release|Any CPU.ActiveCfg = Release|Any CPU
		{2229D9A8-C2E9-4A6B-BAC5-8C47F0A9FF6A}.Release|Any CPU.Build.0 = Release|Any CPU
		{4B2A4767-425B-4C45-BA35-93C22250FD31}.Debug|Any CPU.ActiveCfg = Debug|Any CPU
		{4B2A4767-425B-4C45-BA35-93C22250FD31}.Debug|Any CPU.Build.0 = Debug|Any CPU
		{4B2A4767-425B-4C45-BA35-93C22250FD31}.Release|Any CPU.ActiveCfg = Release|Any CPU
		{4B2A4767-425B-4C45-BA35-93C22250FD31}.Release|Any CPU.Build.0 = Release|Any CPU
		{00FA072C-DE41-4F68-813F-6FA381B0521C}.Debug|Any CPU.ActiveCfg = Debug|Any CPU
		{00FA072C-DE41-4F68-813F-6FA381B0521C}.Debug|Any CPU.Build.0 = Debug|Any CPU
		{00FA072C-DE41-4F68-813F-6FA381B0521C}.Release|Any CPU.ActiveCfg = Release|Any CPU
		{00FA072C-DE41-4F68-813F-6FA381B0521C}.Release|Any CPU.Build.0 = Release|Any CPU
		{FEB75772-D3A0-4170-BE6C-9CCE88E2BFFB}.Debug|Any CPU.ActiveCfg = Debug|Any CPU
		{FEB75772-D3A0-4170-BE6C-9CCE88E2BFFB}.Debug|Any CPU.Build.0 = Debug|Any CPU
		{FEB75772-D3A0-4170-BE6C-9CCE88E2BFFB}.Release|Any CPU.ActiveCfg = Release|Any CPU
		{FEB75772-D3A0-4170-BE6C-9CCE88E2BFFB}.Release|Any CPU.Build.0 = Release|Any CPU
	EndGlobalSection
	GlobalSection(SolutionProperties) = preSolution
		HideSolutionNode = FALSE
	EndGlobalSection
	GlobalSection(ExtensibilityGlobals) = postSolution
		SolutionGuid = {111570AB-9D25-406A-9974-C15DF7E18EBF}
	EndGlobalSection
EndGlobal
